
Microsoft Visual Studio Solution File, Format Version 12.00
# Visual Studio Version 17
VisualStudioVersion = 17.7.34024.191
MinimumVisualStudioVersion = 10.0.40219.1
Project("{9A19103F-16F7-4668-BE54-9A1E7A4F7556}") = "Inventory API", "Inventory API\Inventory API.csproj", "{B3C4ADD1-1C78-4F3C-9FBC-2D7D3C9040C9}"
EndProject
Project("{9A19103F-16F7-4668-BE54-9A1E7A4F7556}") = "Domain", "Domain\Domain.csproj", "{D9DFC6EF-551D-45A8-AB5E-3AC03ECF3335}"
EndProject
Project("{9A19103F-16F7-4668-BE54-9A1E7A4F7556}") = "Infrastructure", "Infrastructure\Infrastructure.csproj", "{C3485C14-826C-4472-AC0A-3033BBA321A8}"
EndProject
Project("{FAE04EC0-301F-11D3-BF4B-00C04F79EFBC}") = "Application", "Application\Application.csproj", "{B0148D50-91EA-4222-AEE3-CA1809BBD479}"
EndProject
Global
	GlobalSection(SolutionConfigurationPlatforms) = preSolution
		Debug|Any CPU = Debug|Any CPU
		Release|Any CPU = Release|Any CPU
	EndGlobalSection
	GlobalSection(ProjectConfigurationPlatforms) = postSolution
		{B3C4ADD1-1C78-4F3C-9FBC-2D7D3C9040C9}.Debug|Any CPU.ActiveCfg = Debug|Any CPU
		{B3C4ADD1-1C78-4F3C-9FBC-2D7D3C9040C9}.Debug|Any CPU.Build.0 = Debug|Any CPU
		{B3C4ADD1-1C78-4F3C-9FBC-2D7D3C9040C9}.Release|Any CPU.ActiveCfg = Release|Any CPU
		{B3C4ADD1-1C78-4F3C-9FBC-2D7D3C9040C9}.Release|Any CPU.Build.0 = Release|Any CPU
		{D9DFC6EF-551D-45A8-AB5E-3AC03ECF3335}.Debug|Any CPU.ActiveCfg = Debug|Any CPU
		{D9DFC6EF-551D-45A8-AB5E-3AC03ECF3335}.Debug|Any CPU.Build.0 = Debug|Any CPU
		{D9DFC6EF-551D-45A8-AB5E-3AC03ECF3335}.Release|Any CPU.ActiveCfg = Release|Any CPU
		{D9DFC6EF-551D-45A8-AB5E-3AC03ECF3335}.Release|Any CPU.Build.0 = Release|Any CPU
		{C3485C14-826C-4472-AC0A-3033BBA321A8}.Debug|Any CPU.ActiveCfg = Debug|Any CPU
		{C3485C14-826C-4472-AC0A-3033BBA321A8}.Debug|Any CPU.Build.0 = Debug|Any CPU
		{C3485C14-826C-4472-AC0A-3033BBA321A8}.Release|Any CPU.ActiveCfg = Release|Any CPU
		{C3485C14-826C-4472-AC0A-3033BBA321A8}.Release|Any CPU.Build.0 = Release|Any CPU
		{B0148D50-91EA-4222-AEE3-CA1809BBD479}.Debug|Any CPU.ActiveCfg = Debug|Any CPU
		{B0148D50-91EA-4222-AEE3-CA1809BBD479}.Debug|Any CPU.Build.0 = Debug|Any CPU
		{B0148D50-91EA-4222-AEE3-CA1809BBD479}.Release|Any CPU.ActiveCfg = Release|Any CPU
		{B0148D50-91EA-4222-AEE3-CA1809BBD479}.Release|Any CPU.Build.0 = Release|Any CPU
	EndGlobalSection
	GlobalSection(SolutionProperties) = preSolution
		HideSolutionNode = FALSE
	EndGlobalSection
	GlobalSection(ExtensibilityGlobals) = postSolution
		SolutionGuid = {E6757205-4EE4-4AC2-93C2-BBCE9FB33EC1}
	EndGlobalSection
EndGlobal
